
Microsoft Visual Studio Solution File, Format Version 12.00
# Visual Studio 15
VisualStudioVersion = 15.0.27428.2002
MinimumVisualStudioVersion = 10.0.40219.1
Project("{FAE04EC0-301F-11D3-BF4B-00C04F79EFBC}") = "CookieBot", "CookieBot\CookieBot.csproj", "{E28F5153-0CB1-4324-B1E0-4BD83CCA4FF3}"
EndProject
Global
	GlobalSection(SolutionConfigurationPlatforms) = preSolution
		Debug|Any CPU = Debug|Any CPU
		Release|Any CPU = Release|Any CPU
	EndGlobalSection
	GlobalSection(ProjectConfigurationPlatforms) = postSolution
		{E28F5153-0CB1-4324-B1E0-4BD83CCA4FF3}.Debug|Any CPU.ActiveCfg = Debug|Any CPU
		{E28F5153-0CB1-4324-B1E0-4BD83CCA4FF3}.Debug|Any CPU.Build.0 = Debug|Any CPU
		{E28F5153-0CB1-4324-B1E0-4BD83CCA4FF3}.Release|Any CPU.ActiveCfg = Release|Any CPU
		{E28F5153-0CB1-4324-B1E0-4BD83CCA4FF3}.Release|Any CPU.Build.0 = Release|Any CPU
	EndGlobalSection
	GlobalSection(SolutionProperties) = preSolution
		HideSolutionNode = FALSE
	EndGlobalSection
	GlobalSection(ExtensibilityGlobals) = postSolution
		SolutionGuid = {6BD59623-6E41-44B9-AB4C-33C21358CA21}
	EndGlobalSection
EndGlobal
